
Microsoft Visual Studio Solution File, Format Version 12.00
# Visual Studio Version 17
VisualStudioVersion = 17.14.37111.16 d17.14
MinimumVisualStudioVersion = 10.0.40219.1
Project("{FAE04EC0-301F-11D3-BF4B-00C04F79EFBC}") = "WebApi", "WebApi.csproj", "{B3A0EB02-CF40-4F86-8E07-98314DCC9210}"
EndProject
Global
	GlobalSection(SolutionConfigurationPlatforms) = preSolution
		Debug|Any CPU = Debug|Any CPU
		Release|Any CPU = Release|Any CPU
	EndGlobalSection
	GlobalSection(ProjectConfigurationPlatforms) = postSolution
		{B3A0EB02-CF40-4F86-8E07-98314DCC9210}.Debug|Any CPU.ActiveCfg = Debug|Any CPU
		{B3A0EB02-CF40-4F86-8E07-98314DCC9210}.Debug|Any CPU.Build.0 = Debug|Any CPU
		{B3A0EB02-CF40-4F86-8E07-98314DCC9210}.Release|Any CPU.ActiveCfg = Release|Any CPU
		{B3A0EB02-CF40-4F86-8E07-98314DCC9210}.Release|Any CPU.Build.0 = Release|Any CPU
	EndGlobalSection
	GlobalSection(SolutionProperties) = preSolution
		HideSolutionNode = FALSE
	EndGlobalSection
	GlobalSection(ExtensibilityGlobals) = postSolution
		SolutionGuid = {85DD24FA-CE6B-4327-9C9C-898215801A7A}
	EndGlobalSection
EndGlobal
